
Microsoft Visual Studio Solution File, Format Version 12.00
# Visual Studio Version 17
VisualStudioVersion = 17.3.32929.385
MinimumVisualStudioVersion = 10.0.40219.1
Project("{9A19103F-16F7-4668-BE54-9A1E7A4F7556}") = "Softlithe.ERP.BC", "Softlithe.ERP.BC\Softlithe.ERP.BC.csproj", "{EBAE28E6-C52C-46FA-A349-F07E6CEF8429}"
EndProject
Project("{9A19103F-16F7-4668-BE54-9A1E7A4F7556}") = "Softlithe.ERP.Abstracciones", "Softlithe.ERP.Abstracciones\Softlithe.ERP.Abstracciones.csproj", "{12E64FB6-4493-43A6-8B9F-D3F1FDA9B734}"
EndProject
Project("{9A19103F-16F7-4668-BE54-9A1E7A4F7556}") = "Softlithe.ERP.DA", "Softlithe.ERP.DA\Softlithe.ERP.DA.csproj", "{717E9DAE-2183-41A9-83BB-B20A14735B81}"
EndProject
Project("{9A19103F-16F7-4668-BE54-9A1E7A4F7556}") = "Softlithe.ERP.BW", "Softlithe.ERP.BW\Softlithe.ERP.BW.csproj", "{C3A057F2-07BC-48BE-A04D-D526C60105E3}"
EndProject
Project("{9A19103F-16F7-4668-BE54-9A1E7A4F7556}") = "Softlithe.ERP.Api", "Softlithe.ERP.Api\Softlithe.ERP.Api.csproj", "{B7909292-C0A0-4A81-ADCE-DEAFF65CB480}"
EndProject
Global
	GlobalSection(SolutionConfigurationPlatforms) = preSolution
		Debug|Any CPU = Debug|Any CPU
		Release|Any CPU = Release|Any CPU
	EndGlobalSection
	GlobalSection(ProjectConfigurationPlatforms) = postSolution
		{EBAE28E6-C52C-46FA-A349-F07E6CEF8429}.Debug|Any CPU.ActiveCfg = Debug|Any CPU
		{EBAE28E6-C52C-46FA-A349-F07E6CEF8429}.Debug|Any CPU.Build.0 = Debug|Any CPU
		{EBAE28E6-C52C-46FA-A349-F07E6CEF8429}.Release|Any CPU.ActiveCfg = Release|Any CPU
		{EBAE28E6-C52C-46FA-A349-F07E6CEF8429}.Release|Any CPU.Build.0 = Release|Any CPU
		{12E64FB6-4493-43A6-8B9F-D3F1FDA9B734}.Debug|Any CPU.ActiveCfg = Debug|Any CPU
		{12E64FB6-4493-43A6-8B9F-D3F1FDA9B734}.Debug|Any CPU.Build.0 = Debug|Any CPU
		{12E64FB6-4493-43A6-8B9F-D3F1FDA9B734}.Release|Any CPU.ActiveCfg = Release|Any CPU
		{12E64FB6-4493-43A6-8B9F-D3F1FDA9B734}.Release|Any CPU.Build.0 = Release|Any CPU
		{717E9DAE-2183-41A9-83BB-B20A14735B81}.Debug|Any CPU.ActiveCfg = Debug|Any CPU
		{717E9DAE-2183-41A9-83BB-B20A14735B81}.Debug|Any CPU.Build.0 = Debug|Any CPU
		{717E9DAE-2183-41A9-83BB-B20A14735B81}.Release|Any CPU.ActiveCfg = Release|Any CPU
		{717E9DAE-2183-41A9-83BB-B20A14735B81}.Release|Any CPU.Build.0 = Release|Any CPU
		{C3A057F2-07BC-48BE-A04D-D526C60105E3}.Debug|Any CPU.ActiveCfg = Debug|Any CPU
		{C3A057F2-07BC-48BE-A04D-D526C60105E3}.Debug|Any CPU.Build.0 = Debug|Any CPU
		{C3A057F2-07BC-48BE-A04D-D526C60105E3}.Release|Any CPU.ActiveCfg = Release|Any CPU
		{C3A057F2-07BC-48BE-A04D-D526C60105E3}.Release|Any CPU.Build.0 = Release|Any CPU
		{B7909292-C0A0-4A81-ADCE-DEAFF65CB480}.Debug|Any CPU.ActiveCfg = Debug|Any CPU
		{B7909292-C0A0-4A81-ADCE-DEAFF65CB480}.Debug|Any CPU.Build.0 = Debug|Any CPU
		{B7909292-C0A0-4A81-ADCE-DEAFF65CB480}.Release|Any CPU.ActiveCfg = Release|Any CPU
		{B7909292-C0A0-4A81-ADCE-DEAFF65CB480}.Release|Any CPU.Build.0 = Release|Any CPU
	EndGlobalSection
	GlobalSection(SolutionProperties) = preSolution
		HideSolutionNode = FALSE
	EndGlobalSection
	GlobalSection(ExtensibilityGlobals) = postSolution
		SolutionGuid = {5A3D0CF4-DB4F-4021-B2C3-66D580122138}
	EndGlobalSection
EndGlobal
